PODS:
  - FDWaveformView (4.0.0)
  - Gallery (2.2.2)

DEPENDENCIES:
  - FDWaveformView
  - Gallery

SPEC REPOS:
  trunk:
    - FDWaveformView
    - Gallery

SPEC CHECKSUMS:
  FDWaveformView: b499c71c154992cee41b543ff00916a8882e696b
  Gallery: 634ea7d58b93fcb8e787a846febac73ec354e7d9

PODFILE CHECKSUM: 9466719dca7f9fa327437e0b4d3efae06f9c4428

COCOAPODS: 1.8.4
