PODS:
  - FDWaveformView (5.0.1)
  - Gallery (2.4.0)

DEPENDENCIES:
  - FDWaveformView
  - Gallery

SPEC REPOS:
  trunk:
    - FDWaveformView
    - Gallery

SPEC CHECKSUMS:
  FDWaveformView: c188be613947273cc83d6f0056505f60e6c4b9ac
  Gallery: b7fc1aeb68a39ad6d2c423574750196bf9b25e5c

PODFILE CHECKSUM: 5b67111ea2d38b2f4c657b9b531d97fbdb26cda5

COCOAPODS: 1.14.3
